
Microsoft Visual Studio Solution File, Format Version 12.00
# Visual Studio Version 17
VisualStudioVersion = 17.5.33530.505
MinimumVisualStudioVersion = 10.0.40219.1
Project("{FAE04EC0-301F-11D3-BF4B-00C04F79EFBC}") = "AppChatMVC", "AppChatMVC\AppChatMVC.csproj", "{E26F62D5-D8E6-45F3-96D7-E64AF903B590}"
EndProject
Global
	GlobalSection(SolutionConfigurationPlatforms) = preSolution
		Debug|Any CPU = Debug|Any CPU
		Release|Any CPU = Release|Any CPU
	EndGlobalSection
	GlobalSection(ProjectConfigurationPlatforms) = postSolution
		{E26F62D5-D8E6-45F3-96D7-E64AF903B590}.Debug|Any CPU.ActiveCfg = Debug|Any CPU
		{E26F62D5-D8E6-45F3-96D7-E64AF903B590}.Debug|Any CPU.Build.0 = Debug|Any CPU
		{E26F62D5-D8E6-45F3-96D7-E64AF903B590}.Release|Any CPU.ActiveCfg = Release|Any CPU
		{E26F62D5-D8E6-45F3-96D7-E64AF903B590}.Release|Any CPU.Build.0 = Release|Any CPU
	EndGlobalSection
	GlobalSection(SolutionProperties) = preSolution
		HideSolutionNode = FALSE
	EndGlobalSection
	GlobalSection(ExtensibilityGlobals) = postSolution
		SolutionGuid = {EA11F661-BB30-422C-ADC5-16A1570642D5}
	EndGlobalSection
EndGlobal
